
Microsoft Visual Studio Solution File, Format Version 12.00
# Visual Studio 15
VisualStudioVersion = 15.0.28307.757
MinimumVisualStudioVersion = 10.0.40219.1
Project("{FAE04EC0-301F-11D3-BF4B-00C04F79EFBC}") = "BugInMvvmForWPF", "BugInMvvmForWPF\BugInMvvmForWPF.csproj", "{023E9D12-9742-4D29-904C-1E282FF2F517}"
EndProject
Project("{FAE04EC0-301F-11D3-BF4B-00C04F79EFBC}") = "BugInMvvmForWPF.Lib", "BugInMvvmForWPF.Lib\BugInMvvmForWPF.Lib.csproj", "{77D65F67-AC68-46C6-852A-D4D7FD24BA52}"
EndProject
Project("{FAE04EC0-301F-11D3-BF4B-00C04F79EFBC}") = "BugInMvvmForWPF.UWP", "BugInMvvmForWPF.UWP\BugInMvvmForWPF.UWP.csproj", "{1ED0060B-0F8E-439D-91C3-7E8384761E5D}"
EndProject
Project("{2150E333-8FDC-42A3-9474-1A3956D46DE8}") = "Platforms", "Platforms", "{B75F7C62-EAF6-4388-8C59-8523A271C0A7}"
EndProject
Global
	GlobalSection(SolutionConfigurationPlatforms) = preSolution
		Debug|Any CPU = Debug|Any CPU
		Debug|ARM = Debug|ARM
		Debug|ARM64 = Debug|ARM64
		Debug|x64 = Debug|x64
		Debug|x86 = Debug|x86
		Release|Any CPU = Release|Any CPU
		Release|ARM = Release|ARM
		Release|ARM64 = Release|ARM64
		Release|x64 = Release|x64
		Release|x86 = Release|x86
	EndGlobalSection
	GlobalSection(ProjectConfigurationPlatforms) = postSolution
		{023E9D12-9742-4D29-904C-1E282FF2F517}.Debug|Any CPU.ActiveCfg = Debug|Any CPU
		{023E9D12-9742-4D29-904C-1E282FF2F517}.Debug|Any CPU.Build.0 = Debug|Any CPU
		{023E9D12-9742-4D29-904C-1E282FF2F517}.Debug|ARM.ActiveCfg = Debug|Any CPU
		{023E9D12-9742-4D29-904C-1E282FF2F517}.Debug|ARM.Build.0 = Debug|Any CPU
		{023E9D12-9742-4D29-904C-1E282FF2F517}.Debug|ARM64.ActiveCfg = Debug|Any CPU
		{023E9D12-9742-4D29-904C-1E282FF2F517}.Debug|ARM64.Build.0 = Debug|Any CPU
		{023E9D12-9742-4D29-904C-1E282FF2F517}.Debug|x64.ActiveCfg = Debug|Any CPU
		{023E9D12-9742-4D29-904C-1E282FF2F517}.Debug|x64.Build.0 = Debug|Any CPU
		{023E9D12-9742-4D29-904C-1E282FF2F517}.Debug|x86.ActiveCfg = Debug|Any CPU
		{023E9D12-9742-4D29-904C-1E282FF2F517}.Debug|x86.Build.0 = Debug|Any CPU
		{023E9D12-9742-4D29-904C-1E282FF2F517}.Release|Any CPU.ActiveCfg = Release|Any CPU
		{023E9D12-9742-4D29-904C-1E282FF2F517}.Release|Any CPU.Build.0 = Release|Any CPU
		{023E9D12-9742-4D29-904C-1E282FF2F517}.Release|ARM.ActiveCfg = Release|Any CPU
		{023E9D12-9742-4D29-904C-1E282FF2F517}.Release|ARM.Build.0 = Release|Any CPU
		{023E9D12-9742-4D29-904C-1E282FF2F517}.Release|ARM64.ActiveCfg = Release|Any CPU
		{023E9D12-9742-4D29-904C-1E282FF2F517}.Release|ARM64.Build.0 = Release|Any CPU
		{023E9D12-9742-4D29-904C-1E282FF2F517}.Release|x64.ActiveCfg = Release|Any CPU
		{023E9D12-9742-4D29-904C-1E282FF2F517}.Release|x64.Build.0 = Release|Any CPU
		{023E9D12-9742-4D29-904C-1E282FF2F517}.Release|x86.ActiveCfg = Release|Any CPU
		{023E9D12-9742-4D29-904C-1E282FF2F517}.Release|x86.Build.0 = Release|Any CPU
		{77D65F67-AC68-46C6-852A-D4D7FD24BA52}.Debug|Any CPU.ActiveCfg = Debug|Any CPU
		{77D65F67-AC68-46C6-852A-D4D7FD24BA52}.Debug|Any CPU.Build.0 = Debug|Any CPU
		{77D65F67-AC68-46C6-852A-D4D7FD24BA52}.Debug|ARM.ActiveCfg = Debug|Any CPU
		{77D65F67-AC68-46C6-852A-D4D7FD24BA52}.Debug|ARM.Build.0 = Debug|Any CPU
		{77D65F67-AC68-46C6-852A-D4D7FD24BA52}.Debug|ARM64.ActiveCfg = Debug|Any CPU
		{77D65F67-AC68-46C6-852A-D4D7FD24BA52}.Debug|ARM64.Build.0 = Debug|Any CPU
		{77D65F67-AC68-46C6-852A-D4D7FD24BA52}.Debug|x64.ActiveCfg = Debug|Any CPU
		{77D65F67-AC68-46C6-852A-D4D7FD24BA52}.Debug|x64.Build.0 = Debug|Any CPU
		{77D65F67-AC68-46C6-852A-D4D7FD24BA52}.Debug|x86.ActiveCfg = Debug|Any CPU
		{77D65F67-AC68-46C6-852A-D4D7FD24BA52}.Debug|x86.Build.0 = Debug|Any CPU
		{77D65F67-AC68-46C6-852A-D4D7FD24BA52}.Release|Any CPU.ActiveCfg = Release|Any CPU
		{77D65F67-AC68-46C6-852A-D4D7FD24BA52}.Release|Any CPU.Build.0 = Release|Any CPU
		{77D65F67-AC68-46C6-852A-D4D7FD24BA52}.Release|ARM.ActiveCfg = Release|Any CPU
		{77D65F67-AC68-46C6-852A-D4D7FD24BA52}.Release|ARM.Build.0 = Release|Any CPU
		{77D65F67-AC68-46C6-852A-D4D7FD24BA52}.Release|ARM64.ActiveCfg = Release|Any CPU
		{77D65F67-AC68-46C6-852A-D4D7FD24BA52}.Release|ARM64.Build.0 = Release|Any CPU
		{77D65F67-AC68-46C6-852A-D4D7FD24BA52}.Release|x64.ActiveCfg = Release|Any CPU
		{77D65F67-AC68-46C6-852A-D4D7FD24BA52}.Release|x64.Build.0 = Release|Any CPU
		{77D65F67-AC68-46C6-852A-D4D7FD24BA52}.Release|x86.ActiveCfg = Release|Any CPU
		{77D65F67-AC68-46C6-852A-D4D7FD24BA52}.Release|x86.Build.0 = Release|Any CPU
		{1ED0060B-0F8E-439D-91C3-7E8384761E5D}.Debug|Any CPU.ActiveCfg = Debug|x86
		{1ED0060B-0F8E-439D-91C3-7E8384761E5D}.Debug|Any CPU.Build.0 = Debug|x86
		{1ED0060B-0F8E-439D-91C3-7E8384761E5D}.Debug|Any CPU.Deploy.0 = Debug|x86
		{1ED0060B-0F8E-439D-91C3-7E8384761E5D}.Debug|ARM.ActiveCfg = Debug|ARM
		{1ED0060B-0F8E-439D-91C3-7E8384761E5D}.Debug|ARM.Build.0 = Debug|ARM
		{1ED0060B-0F8E-439D-91C3-7E8384761E5D}.Debug|ARM.Deploy.0 = Debug|ARM
		{1ED0060B-0F8E-439D-91C3-7E8384761E5D}.Debug|ARM64.ActiveCfg = Debug|ARM64
		{1ED0060B-0F8E-439D-91C3-7E8384761E5D}.Debug|ARM64.Build.0 = Debug|ARM64
		{1ED0060B-0F8E-439D-91C3-7E8384761E5D}.Debug|ARM64.Deploy.0 = Debug|ARM64
		{1ED0060B-0F8E-439D-91C3-7E8384761E5D}.Debug|x64.ActiveCfg = Debug|x64
		{1ED0060B-0F8E-439D-91C3-7E8384761E5D}.Debug|x64.Build.0 = Debug|x64
		{1ED0060B-0F8E-439D-91C3-7E8384761E5D}.Debug|x64.Deploy.0 = Debug|x64
		{1ED0060B-0F8E-439D-91C3-7E8384761E5D}.Debug|x86.ActiveCfg = Debug|x86
		{1ED0060B-0F8E-439D-91C3-7E8384761E5D}.Debug|x86.Build.0 = Debug|x86
		{1ED0060B-0F8E-439D-91C3-7E8384761E5D}.Debug|x86.Deploy.0 = Debug|x86
		{1ED0060B-0F8E-439D-91C3-7E8384761E5D}.Release|Any CPU.ActiveCfg = Release|x86
		{1ED0060B-0F8E-439D-91C3-7E8384761E5D}.Release|ARM.ActiveCfg = Release|ARM
		{1ED0060B-0F8E-439D-91C3-7E8384761E5D}.Release|ARM.Build.0 = Release|ARM
		{1ED0060B-0F8E-439D-91C3-7E8384761E5D}.Release|ARM.Deploy.0 = Release|ARM
		{1ED0060B-0F8E-439D-91C3-7E8384761E5D}.Release|ARM64.ActiveCfg = Release|ARM64
		{1ED0060B-0F8E-439D-91C3-7E8384761E5D}.Release|ARM64.Build.0 = Release|ARM64
		{1ED0060B-0F8E-439D-91C3-7E8384761E5D}.Release|ARM64.Deploy.0 = Release|ARM64
		{1ED0060B-0F8E-439D-91C3-7E8384761E5D}.Release|x64.ActiveCfg = Release|x64
		{1ED0060B-0F8E-439D-91C3-7E8384761E5D}.Release|x64.Build.0 = Release|x64
		{1ED0060B-0F8E-439D-91C3-7E8384761E5D}.Release|x64.Deploy.0 = Release|x64
		{1ED0060B-0F8E-439D-91C3-7E8384761E5D}.Release|x86.ActiveCfg = Release|x86
		{1ED0060B-0F8E-439D-91C3-7E8384761E5D}.Release|x86.Build.0 = Release|x86
		{1ED0060B-0F8E-439D-91C3-7E8384761E5D}.Release|x86.Deploy.0 = Release|x86
	EndGlobalSection
	GlobalSection(SolutionProperties) = preSolution
		HideSolutionNode = FALSE
	EndGlobalSection
	GlobalSection(NestedProjects) = preSolution
		{023E9D12-9742-4D29-904C-1E282FF2F517} = {B75F7C62-EAF6-4388-8C59-8523A271C0A7}
		{1ED0060B-0F8E-439D-91C3-7E8384761E5D} = {B75F7C62-EAF6-4388-8C59-8523A271C0A7}
	EndGlobalSection
	GlobalSection(ExtensibilityGlobals) = postSolution
		SolutionGuid = {9C569576-B79C-4ED3-9D07-C379F76BCAE2}
	EndGlobalSection
EndGlobal
